
Microsoft Visual Studio Solution File, Format Version 12.00
# Visual Studio Version 16
VisualStudioVersion = 16.0.29403.142
MinimumVisualStudioVersion = 10.0.40219.1
Project("{8BC9CEB8-8B4A-11D0-8D11-00A0C91BC942}") = "StackApplication01", "StackApplication01\StackApplication01.vcxproj", "{9258D4EF-6891-46AC-A299-6DBEB123FB26}"
EndProject
Project("{8BC9CEB8-8B4A-11D0-8D11-00A0C91BC942}") = "StackApplication02", "StackApplication02\StackApplication02.vcxproj", "{E88FB89B-198A-41D1-B72E-9E94E98456FC}"
EndProject
Project("{8BC9CEB8-8B4A-11D0-8D11-00A0C91BC942}") = "StackApplication03", "StackApplication03\StackApplication03.vcxproj", "{493A0EFC-D51D-44DE-82C5-F651DA6290A9}"
EndProject
Project("{8BC9CEB8-8B4A-11D0-8D11-00A0C91BC942}") = "StackApplication04", "StackApplication04\StackApplication04.vcxproj", "{DF68BEC5-0245-43E6-ACCA-DC3B0CE8F729}"
EndProject
Project("{8BC9CEB8-8B4A-11D0-8D11-00A0C91BC942}") = "StackApplication05", "StackApplication05\StackApplication05.vcxproj", "{38C4FE4C-C7EC-4BDE-BE0C-36674F1E284F}"
EndProject
Global
	GlobalSection(SolutionConfigurationPlatforms) = preSolution
		Debug|x64 = Debug|x64
		Debug|x86 = Debug|x86
		Release|x64 = Release|x64
		Release|x86 = Release|x86
	EndGlobalSection
	GlobalSection(ProjectConfigurationPlatforms) = postSolution
		{9258D4EF-6891-46AC-A299-6DBEB123FB26}.Debug|x64.ActiveCfg = Debug|x64
		{9258D4EF-6891-46AC-A299-6DBEB123FB26}.Debug|x64.Build.0 = Debug|x64
		{9258D4EF-6891-46AC-A299-6DBEB123FB26}.Debug|x86.ActiveCfg = Debug|Win32
		{9258D4EF-6891-46AC-A299-6DBEB123FB26}.Debug|x86.Build.0 = Debug|Win32
		{9258D4EF-6891-46AC-A299-6DBEB123FB26}.Release|x64.ActiveCfg = Release|x64
		{9258D4EF-6891-46AC-A299-6DBEB123FB26}.Release|x64.Build.0 = Release|x64
		{9258D4EF-6891-46AC-A299-6DBEB123FB26}.Release|x86.ActiveCfg = Release|Win32
		{9258D4EF-6891-46AC-A299-6DBEB123FB26}.Release|x86.Build.0 = Release|Win32
		{E88FB89B-198A-41D1-B72E-9E94E98456FC}.Debug|x64.ActiveCfg = Debug|x64
		{E88FB89B-198A-41D1-B72E-9E94E98456FC}.Debug|x64.Build.0 = Debug|x64
		{E88FB89B-198A-41D1-B72E-9E94E98456FC}.Debug|x86.ActiveCfg = Debug|Win32
		{E88FB89B-198A-41D1-B72E-9E94E98456FC}.Debug|x86.Build.0 = Debug|Win32
		{E88FB89B-198A-41D1-B72E-9E94E98456FC}.Release|x64.ActiveCfg = Release|x64
		{E88FB89B-198A-41D1-B72E-9E94E98456FC}.Release|x64.Build.0 = Release|x64
		{E88FB89B-198A-41D1-B72E-9E94E98456FC}.Release|x86.ActiveCfg = Release|Win32
		{E88FB89B-198A-41D1-B72E-9E94E98456FC}.Release|x86.Build.0 = Release|Win32
		{493A0EFC-D51D-44DE-82C5-F651DA6290A9}.Debug|x64.ActiveCfg = Debug|x64
		{493A0EFC-D51D-44DE-82C5-F651DA6290A9}.Debug|x64.Build.0 = Debug|x64
		{493A0EFC-D51D-44DE-82C5-F651DA6290A9}.Debug|x86.ActiveCfg = Debug|Win32
		{493A0EFC-D51D-44DE-82C5-F651DA6290A9}.Debug|x86.Build.0 = Debug|Win32
		{493A0EFC-D51D-44DE-82C5-F651DA6290A9}.Release|x64.ActiveCfg = Release|x64
		{493A0EFC-D51D-44DE-82C5-F651DA6290A9}.Release|x64.Build.0 = Release|x64
		{493A0EFC-D51D-44DE-82C5-F651DA6290A9}.Release|x86.ActiveCfg = Release|Win32
		{493A0EFC-D51D-44DE-82C5-F651DA6290A9}.Release|x86.Build.0 = Release|Win32
		{DF68BEC5-0245-43E6-ACCA-DC3B0CE8F729}.Debug|x64.ActiveCfg = Debug|x64
		{DF68BEC5-0245-43E6-ACCA-DC3B0CE8F729}.Debug|x64.Build.0 = Debug|x64
		{DF68BEC5-0245-43E6-ACCA-DC3B0CE8F729}.Debug|x86.ActiveCfg = Debug|Win32
		{DF68BEC5-0245-43E6-ACCA-DC3B0CE8F729}.Debug|x86.Build.0 = Debug|Win32
		{DF68BEC5-0245-43E6-ACCA-DC3B0CE8F729}.Release|x64.ActiveCfg = Release|x64
		{DF68BEC5-0245-43E6-ACCA-DC3B0CE8F729}.Release|x64.Build.0 = Release|x64
		{DF68BEC5-0245-43E6-ACCA-DC3B0CE8F729}.Release|x86.ActiveCfg = Release|Win32
		{DF68BEC5-0245-43E6-ACCA-DC3B0CE8F729}.Release|x86.Build.0 = Release|Win32
		{38C4FE4C-C7EC-4BDE-BE0C-36674F1E284F}.Debug|x64.ActiveCfg = Debug|x64
		{38C4FE4C-C7EC-4BDE-BE0C-36674F1E284F}.Debug|x64.Build.0 = Debug|x64
		{38C4FE4C-C7EC-4BDE-BE0C-36674F1E284F}.Debug|x86.ActiveCfg = Debug|Win32
		{38C4FE4C-C7EC-4BDE-BE0C-36674F1E284F}.Debug|x86.Build.0 = Debug|Win32
		{38C4FE4C-C7EC-4BDE-BE0C-36674F1E284F}.Release|x64.ActiveCfg = Release|x64
		{38C4FE4C-C7EC-4BDE-BE0C-36674F1E284F}.Release|x64.Build.0 = Release|x64
		{38C4FE4C-C7EC-4BDE-BE0C-36674F1E284F}.Release|x86.ActiveCfg = Release|Win32
		{38C4FE4C-C7EC-4BDE-BE0C-36674F1E284F}.Release|x86.Build.0 = Release|Win32
	EndGlobalSection
	GlobalSection(SolutionProperties) = preSolution
		HideSolutionNode = FALSE
	EndGlobalSection
	GlobalSection(ExtensibilityGlobals) = postSolution
		SolutionGuid = {83895707-D5C6-498F-830C-D34CCE1354DC}
	EndGlobalSection
EndGlobal
